
Microsoft Visual Studio Solution File, Format Version 12.00
# Visual Studio Version 17
VisualStudioVersion = 17.4.32720.392
MinimumVisualStudioVersion = 10.0.40219.1
Project("{FAE04EC0-301F-11D3-BF4B-00C04F79EFBC}") = "SolutionColors", "src\SolutionColors.csproj", "{1661127A-05A1-4935-B885-6D7CE4D1E57E}"
EndProject
Project("{2150E333-8FDC-42A3-9474-1A3956D46DE8}") = "Solution Items", "Solution Items", "{85869CDC-0A86-41BC-8AD8-B08674BE4395}"
	ProjectSection(SolutionItems) = preProject
		.editorconfig = .editorconfig
		README.md = README.md
		vs-publish.json = vs-publish.json
	EndProjectSection
EndProject
Global
	GlobalSection(SolutionConfigurationPlatforms) = preSolution
		Debug|Any CPU = Debug|Any CPU
		Debug|arm64 = Debug|arm64
		Debug|x86 = Debug|x86
		Release|Any CPU = Release|Any CPU
		Release|arm64 = Release|arm64
		Release|x86 = Release|x86
	EndGlobalSection
	GlobalSection(ProjectConfigurationPlatforms) = postSolution
		{1661127A-05A1-4935-B885-6D7CE4D1E57E}.Debug|Any CPU.ActiveCfg = Debug|Any CPU
		{1661127A-05A1-4935-B885-6D7CE4D1E57E}.Debug|Any CPU.Build.0 = Debug|Any CPU
		{1661127A-05A1-4935-B885-6D7CE4D1E57E}.Debug|arm64.ActiveCfg = Debug|arm64
		{1661127A-05A1-4935-B885-6D7CE4D1E57E}.Debug|arm64.Build.0 = Debug|arm64
		{1661127A-05A1-4935-B885-6D7CE4D1E57E}.Debug|x86.ActiveCfg = Debug|x86
		{1661127A-05A1-4935-B885-6D7CE4D1E57E}.Debug|x86.Build.0 = Debug|x86
		{1661127A-05A1-4935-B885-6D7CE4D1E57E}.Release|Any CPU.ActiveCfg = Release|Any CPU
		{1661127A-05A1-4935-B885-6D7CE4D1E57E}.Release|Any CPU.Build.0 = Release|Any CPU
		{1661127A-05A1-4935-B885-6D7CE4D1E57E}.Release|arm64.ActiveCfg = Release|arm64
		{1661127A-05A1-4935-B885-6D7CE4D1E57E}.Release|arm64.Build.0 = Release|arm64
		{1661127A-05A1-4935-B885-6D7CE4D1E57E}.Release|x86.ActiveCfg = Release|x86
		{1661127A-05A1-4935-B885-6D7CE4D1E57E}.Release|x86.Build.0 = Release|x86
	EndGlobalSection
	GlobalSection(SolutionProperties) = preSolution
		HideSolutionNode = FALSE
	EndGlobalSection
	GlobalSection(ExtensibilityGlobals) = postSolution
		SolutionGuid = {F36C85BF-F039-4B81-A161-0978090F981D}
	EndGlobalSection
EndGlobal
